<Solution>
  <Folder Name="/BuildingBlocks/">
    <Project Path="DevFlow.BuildingBlocks.Auth/DevFlow.BuildingBlocks.Auth.csproj" />
    <Project Path="DevFlow.BuildingBlocks.Messaging/DevFlow.BuildingBlocks.Messaging.csproj" />
    <Project Path="DevFlow.BuildingBlocks.Results\DevFlow.BuildingBlocks.Results.csproj" />
    <Project Path="DevFlow.BuildingBlocks.Validation\DevFlow.BuildingBlocks.Validation.csproj" />
    <Project Path="DevFlow.BuildingBlocks.Web/DevFlow.BuildingBlocks.Web.csproj" />
  </Folder>
  <Folder Name="/Services/" />
  <Folder Name="/Services/Auth/">
    <Project Path="DevFlow.Auth.Api/DevFlow.Auth.Api.csproj" />
    <Project Path="DevFlow.Auth.Application/DevFlow.Auth.Application.csproj" />
    <Project Path="DevFlow.Auth.Domain/DevFlow.Auth.Domain.csproj" />
    <Project Path="DevFlow.Auth.Infrastructure/DevFlow.Auth.Infrastructure.csproj" />
  </Folder>
  <Folder Name="/Services/Workspaces/">
    <Project Path="DevFlow.Workspaces.Api/DevFlow.Workspaces.Api.csproj" />
    <Project Path="DevFlow.Workspaces.Application/DevFlow.Workspaces.Application.csproj" />
    <Project Path="DevFlow.Workspaces.Domain/DevFlow.Workspaces.Domain.csproj" />
    <Project Path="DevFlow.Workspaces.Infrastructure/DevFlow.Workspaces.Infrastructure.csproj" />
  </Folder>
  <Folder Name="/Services/Projects/">
    <Project Path="DevFlow.Projects.Api/DevFlow.Projects.Api.csproj" />
    <Project Path="DevFlow.Projects.Application/DevFlow.Projects.Application.csproj" />
    <Project Path="DevFlow.Projects.Domain/DevFlow.Projects.Domain.csproj" />
    <Project Path="DevFlow.Projects.Infrastructure/DevFlow.Projects.Infrastructure.csproj" />
  </Folder>
  <Folder Name="/tests/">
    <Project Path="tests/DevFlow.BuildingBlocks.Results.Tests/DevFlow.BuildingBlocks.Results.Tests.csproj" />
  </Folder>
</Solution>
